
Microsoft Visual Studio Solution File, Format Version 12.00
# Visual Studio 15
VisualStudioVersion = 15.0.28307.489
MinimumVisualStudioVersion = 10.0.40219.1
Project("{FAE04EC0-301F-11D3-BF4B-00C04F79EFBC}") = "Asap.Library", "Asap.Library\Asap.Library.csproj", "{43F67D75-AB5F-4C8D-B705-6B17FF6FAEFD}"
EndProject
Project("{2150E333-8FDC-42A3-9474-1A3956D46DE8}") = "UI", "UI", "{16BA0D56-8F99-4CB5-8A6A-3C49E330263E}"
EndProject
Project("{2150E333-8FDC-42A3-9474-1A3956D46DE8}") = "Lib", "Lib", "{90B09C5D-C22B-41C9-9C63-47B507E854B1}"
EndProject
Project("{2150E333-8FDC-42A3-9474-1A3956D46DE8}") = "Test", "Test", "{B9759FC7-1131-418F-9883-3A02E862BA5C}"
EndProject
Project("{FAE04EC0-301F-11D3-BF4B-00C04F79EFBC}") = "Asap.DataAdapter", "Asap.DataAdapter\Asap.DataAdapter.csproj", "{54042F3F-25E7-41CB-9536-4624E25B814A}"
EndProject
Project("{FAE04EC0-301F-11D3-BF4B-00C04F79EFBC}") = "Asap.Portal.API", "Asap.Portal.API\Asap.Portal.API.csproj", "{E3667CEE-A5A6-4517-A858-0D88AAB689F8}"
EndProject
Project("{FAE04EC0-301F-11D3-BF4B-00C04F79EFBC}") = "WebApp", "WebApp\WebApp.csproj", "{0845FB72-3A26-41C0-8CBE-1D38AFD7705B}"
EndProject
Project("{FAE04EC0-301F-11D3-BF4B-00C04F79EFBC}") = "WebApp.Tests", "WebApp.Tests\WebApp.Tests.csproj", "{E2A12E07-A7C8-4AA7-B41B-E6E9D978C316}"
EndProject
Project("{FAE04EC0-301F-11D3-BF4B-00C04F79EFBC}") = "WebApp.Portal", "WebApp.Portal\WebApp.Portal.csproj", "{7A98F18E-CDAF-485F-80FB-0DA7767D555F}"
EndProject
Project("{FAE04EC0-301F-11D3-BF4B-00C04F79EFBC}") = "WebApp.Portal.Tests", "WebApp.Portal.Tests\WebApp.Portal.Tests.csproj", "{D21B6508-C3AF-4244-AFF7-9FBDF39277A0}"
EndProject
Global
	GlobalSection(SolutionConfigurationPlatforms) = preSolution
		Debug|Any CPU = Debug|Any CPU
		Release|Any CPU = Release|Any CPU
	EndGlobalSection
	GlobalSection(ProjectConfigurationPlatforms) = postSolution
		{43F67D75-AB5F-4C8D-B705-6B17FF6FAEFD}.Debug|Any CPU.ActiveCfg = Debug|Any CPU
		{43F67D75-AB5F-4C8D-B705-6B17FF6FAEFD}.Debug|Any CPU.Build.0 = Debug|Any CPU
		{43F67D75-AB5F-4C8D-B705-6B17FF6FAEFD}.Release|Any CPU.ActiveCfg = Release|Any CPU
		{43F67D75-AB5F-4C8D-B705-6B17FF6FAEFD}.Release|Any CPU.Build.0 = Release|Any CPU
		{54042F3F-25E7-41CB-9536-4624E25B814A}.Debug|Any CPU.ActiveCfg = Debug|Any CPU
		{54042F3F-25E7-41CB-9536-4624E25B814A}.Debug|Any CPU.Build.0 = Debug|Any CPU
		{54042F3F-25E7-41CB-9536-4624E25B814A}.Release|Any CPU.ActiveCfg = Release|Any CPU
		{54042F3F-25E7-41CB-9536-4624E25B814A}.Release|Any CPU.Build.0 = Release|Any CPU
		{E3667CEE-A5A6-4517-A858-0D88AAB689F8}.Debug|Any CPU.ActiveCfg = Debug|Any CPU
		{E3667CEE-A5A6-4517-A858-0D88AAB689F8}.Debug|Any CPU.Build.0 = Debug|Any CPU
		{E3667CEE-A5A6-4517-A858-0D88AAB689F8}.Release|Any CPU.ActiveCfg = Release|Any CPU
		{E3667CEE-A5A6-4517-A858-0D88AAB689F8}.Release|Any CPU.Build.0 = Release|Any CPU
		{0845FB72-3A26-41C0-8CBE-1D38AFD7705B}.Debug|Any CPU.ActiveCfg = Debug|Any CPU
		{0845FB72-3A26-41C0-8CBE-1D38AFD7705B}.Debug|Any CPU.Build.0 = Debug|Any CPU
		{0845FB72-3A26-41C0-8CBE-1D38AFD7705B}.Release|Any CPU.ActiveCfg = Release|Any CPU
		{0845FB72-3A26-41C0-8CBE-1D38AFD7705B}.Release|Any CPU.Build.0 = Release|Any CPU
		{E2A12E07-A7C8-4AA7-B41B-E6E9D978C316}.Debug|Any CPU.ActiveCfg = Debug|Any CPU
		{E2A12E07-A7C8-4AA7-B41B-E6E9D978C316}.Debug|Any CPU.Build.0 = Debug|Any CPU
		{E2A12E07-A7C8-4AA7-B41B-E6E9D978C316}.Release|Any CPU.ActiveCfg = Release|Any CPU
		{E2A12E07-A7C8-4AA7-B41B-E6E9D978C316}.Release|Any CPU.Build.0 = Release|Any CPU
		{7A98F18E-CDAF-485F-80FB-0DA7767D555F}.Debug|Any CPU.ActiveCfg = Debug|Any CPU
		{7A98F18E-CDAF-485F-80FB-0DA7767D555F}.Debug|Any CPU.Build.0 = Debug|Any CPU
		{7A98F18E-CDAF-485F-80FB-0DA7767D555F}.Release|Any CPU.ActiveCfg = Release|Any CPU
		{7A98F18E-CDAF-485F-80FB-0DA7767D555F}.Release|Any CPU.Build.0 = Release|Any CPU
		{D21B6508-C3AF-4244-AFF7-9FBDF39277A0}.Debug|Any CPU.ActiveCfg = Debug|Any CPU
		{D21B6508-C3AF-4244-AFF7-9FBDF39277A0}.Debug|Any CPU.Build.0 = Debug|Any CPU
		{D21B6508-C3AF-4244-AFF7-9FBDF39277A0}.Release|Any CPU.ActiveCfg = Release|Any CPU
		{D21B6508-C3AF-4244-AFF7-9FBDF39277A0}.Release|Any CPU.Build.0 = Release|Any CPU
	EndGlobalSection
	GlobalSection(SolutionProperties) = preSolution
		HideSolutionNode = FALSE
	EndGlobalSection
	GlobalSection(NestedProjects) = preSolution
		{43F67D75-AB5F-4C8D-B705-6B17FF6FAEFD} = {90B09C5D-C22B-41C9-9C63-47B507E854B1}
		{54042F3F-25E7-41CB-9536-4624E25B814A} = {90B09C5D-C22B-41C9-9C63-47B507E854B1}
		{E3667CEE-A5A6-4517-A858-0D88AAB689F8} = {90B09C5D-C22B-41C9-9C63-47B507E854B1}
		{0845FB72-3A26-41C0-8CBE-1D38AFD7705B} = {16BA0D56-8F99-4CB5-8A6A-3C49E330263E}
		{E2A12E07-A7C8-4AA7-B41B-E6E9D978C316} = {B9759FC7-1131-418F-9883-3A02E862BA5C}
		{7A98F18E-CDAF-485F-80FB-0DA7767D555F} = {16BA0D56-8F99-4CB5-8A6A-3C49E330263E}
		{D21B6508-C3AF-4244-AFF7-9FBDF39277A0} = {B9759FC7-1131-418F-9883-3A02E862BA5C}
	EndGlobalSection
	GlobalSection(ExtensibilityGlobals) = postSolution
		SolutionGuid = {799DCC15-0EB1-44F5-A835-1C3536DA7CDA}
	EndGlobalSection
EndGlobal
